
Microsoft Visual Studio Solution File, Format Version 12.00
# Visual Studio 15
VisualStudioVersion = 15.0.27130.2027
MinimumVisualStudioVersion = 10.0.40219.1
Project("{FAE04EC0-301F-11D3-BF4B-00C04F79EFBC}") = "LemonadeStand", "LemonadeStand\LemonadeStand.csproj", "{CA924BED-20F5-48C7-A588-4453AC1691FF}"
EndProject
Global
	GlobalSection(SolutionConfigurationPlatforms) = preSolution
		Debug|Any CPU = Debug|Any CPU
		Release|Any CPU = Release|Any CPU
	EndGlobalSection
	GlobalSection(ProjectConfigurationPlatforms) = postSolution
		{CA924BED-20F5-48C7-A588-4453AC1691FF}.Debug|Any CPU.ActiveCfg = Debug|Any CPU
		{CA924BED-20F5-48C7-A588-4453AC1691FF}.Debug|Any CPU.Build.0 = Debug|Any CPU
		{CA924BED-20F5-48C7-A588-4453AC1691FF}.Release|Any CPU.ActiveCfg = Release|Any CPU
		{CA924BED-20F5-48C7-A588-4453AC1691FF}.Release|Any CPU.Build.0 = Release|Any CPU
	EndGlobalSection
	GlobalSection(SolutionProperties) = preSolution
		HideSolutionNode = FALSE
	EndGlobalSection
	GlobalSection(ExtensibilityGlobals) = postSolution
		SolutionGuid = {3940E6E2-51FC-4A35-AEC2-894422DAA210}
	EndGlobalSection
EndGlobal
